
Microsoft Visual Studio Solution File, Format Version 12.00
# Visual Studio Version 16
VisualStudioVersion = 16.0.29609.76
MinimumVisualStudioVersion = 10.0.40219.1
Project("{9A19103F-16F7-4668-BE54-9A1E7A4F7556}") = "Repro.Functions", "Repro.Functions\Repro.Functions.csproj", "{586F4C97-35CB-4D4A-8745-4DC64A5DFD59}"
EndProject
Project("{9A19103F-16F7-4668-BE54-9A1E7A4F7556}") = "Repro.DLL", "Repro.DLL\Repro.DLL.csproj", "{B05A7B89-EBC4-497E-876B-4198D4071E67}"
EndProject
Project("{9A19103F-16F7-4668-BE54-9A1E7A4F7556}") = "Repro.Console", "Repro.Console\Repro.Console.csproj", "{644EACB5-D20D-4977-AF66-060B7790DB30}"
EndProject
Global
	GlobalSection(SolutionConfigurationPlatforms) = preSolution
		Debug|Any CPU = Debug|Any CPU
		Release|Any CPU = Release|Any CPU
	EndGlobalSection
	GlobalSection(ProjectConfigurationPlatforms) = postSolution
		{586F4C97-35CB-4D4A-8745-4DC64A5DFD59}.Debug|Any CPU.ActiveCfg = Debug|Any CPU
		{586F4C97-35CB-4D4A-8745-4DC64A5DFD59}.Debug|Any CPU.Build.0 = Debug|Any CPU
		{586F4C97-35CB-4D4A-8745-4DC64A5DFD59}.Release|Any CPU.ActiveCfg = Release|Any CPU
		{586F4C97-35CB-4D4A-8745-4DC64A5DFD59}.Release|Any CPU.Build.0 = Release|Any CPU
		{B05A7B89-EBC4-497E-876B-4198D4071E67}.Debug|Any CPU.ActiveCfg = Debug|Any CPU
		{B05A7B89-EBC4-497E-876B-4198D4071E67}.Debug|Any CPU.Build.0 = Debug|Any CPU
		{B05A7B89-EBC4-497E-876B-4198D4071E67}.Release|Any CPU.ActiveCfg = Release|Any CPU
		{B05A7B89-EBC4-497E-876B-4198D4071E67}.Release|Any CPU.Build.0 = Release|Any CPU
		{644EACB5-D20D-4977-AF66-060B7790DB30}.Debug|Any CPU.ActiveCfg = Debug|Any CPU
		{644EACB5-D20D-4977-AF66-060B7790DB30}.Debug|Any CPU.Build.0 = Debug|Any CPU
		{644EACB5-D20D-4977-AF66-060B7790DB30}.Release|Any CPU.ActiveCfg = Release|Any CPU
		{644EACB5-D20D-4977-AF66-060B7790DB30}.Release|Any CPU.Build.0 = Release|Any CPU
	EndGlobalSection
	GlobalSection(SolutionProperties) = preSolution
		HideSolutionNode = FALSE
	EndGlobalSection
	GlobalSection(ExtensibilityGlobals) = postSolution
		SolutionGuid = {FECB119F-D224-4743-A773-E425C45AE1D0}
	EndGlobalSection
EndGlobal
